
Microsoft Visual Studio Solution File, Format Version 12.00
Project("{FAE04EC0-301F-11D3-BF4B-00C04F79EFBC}") = "ReSharperPlugin.RiderTestsSupportPlus", "src\dotnet\ReSharperPlugin.RiderTestsSupportPlus\ReSharperPlugin.RiderTestsSupportPlus.csproj", "{05608FE6-4FD1-4E9D-9BE2-B13A0E370BA2}"
EndProject
Project("{FAE04EC0-301F-11D3-BF4B-00C04F79EFBC}") = "ReSharperPlugin.RiderTestsSupportPlus.Rider", "src\dotnet\ReSharperPlugin.RiderTestsSupportPlus\ReSharperPlugin.RiderTestsSupportPlus.Rider.csproj", "{084172D1-A9C6-46D0-96AD-05C5B09A5E5D}"
EndProject
Project("{FAE04EC0-301F-11D3-BF4B-00C04F79EFBC}") = "ReSharperPlugin.RiderTestsSupportPlus.Tests", "src\dotnet\ReSharperPlugin.RiderTestsSupportPlus.Tests\ReSharperPlugin.RiderTestsSupportPlus.Tests.csproj", "{01C3DEF5-50B2-47CB-9467-19BC6DDF9D3D}"
EndProject
Project("{2150E333-8FDC-42A3-9474-1A3956D46DE8}") = "misc", "misc", "{4A9ABB95-3762-448B-B5BF-099E46DB22DE}"
	ProjectSection(SolutionItems) = preProject
		src\dotnet\Plugin.props = src\dotnet\Plugin.props
		README.md = README.md
		CHANGELOG.md = CHANGELOG.md
		src\rider\main\resources\META-INF\plugin.xml = src\rider\main\resources\META-INF\plugin.xml
		build.gradle.kts = build.gradle.kts
		gradle.properties = gradle.properties
	EndProjectSection
EndProject
Project("{2150E333-8FDC-42A3-9474-1A3956D46DE8}") = "src", "src", "{827E0CD3-B72D-47B6-A68D-7590B98EB39B}"
EndProject
Project("{2150E333-8FDC-42A3-9474-1A3956D46DE8}") = "tools", "tools", "{DCB6FCB8-FF92-AC57-0842-1F72A354D6B1}"
EndProject
Project("{FAE04EC0-301F-11D3-BF4B-00C04F79EFBC}") = "RiderTestsSupportPlus.NUnitLister", "src\tools\RiderTestsSupportPlus.NUnitLister\RiderTestsSupportPlus.NUnitLister.csproj", "{214E7BA2-5102-4973-8C86-5AB5F3E56940}"
EndProject
Global
	GlobalSection(SolutionConfigurationPlatforms) = preSolution
		Debug|Any CPU = Debug|Any CPU
		Debug|x64 = Debug|x64
		Debug|x86 = Debug|x86
		Release|Any CPU = Release|Any CPU
		Release|x64 = Release|x64
		Release|x86 = Release|x86
	EndGlobalSection
	GlobalSection(ProjectConfigurationPlatforms) = postSolution
		{05608FE6-4FD1-4E9D-9BE2-B13A0E370BA2}.Debug|Any CPU.ActiveCfg = Debug|Any CPU
		{05608FE6-4FD1-4E9D-9BE2-B13A0E370BA2}.Debug|Any CPU.Build.0 = Debug|Any CPU
		{05608FE6-4FD1-4E9D-9BE2-B13A0E370BA2}.Debug|x64.ActiveCfg = Debug|Any CPU
		{05608FE6-4FD1-4E9D-9BE2-B13A0E370BA2}.Debug|x64.Build.0 = Debug|Any CPU
		{05608FE6-4FD1-4E9D-9BE2-B13A0E370BA2}.Debug|x86.ActiveCfg = Debug|Any CPU
		{05608FE6-4FD1-4E9D-9BE2-B13A0E370BA2}.Debug|x86.Build.0 = Debug|Any CPU
		{05608FE6-4FD1-4E9D-9BE2-B13A0E370BA2}.Release|Any CPU.ActiveCfg = Release|Any CPU
		{05608FE6-4FD1-4E9D-9BE2-B13A0E370BA2}.Release|Any CPU.Build.0 = Release|Any CPU
		{05608FE6-4FD1-4E9D-9BE2-B13A0E370BA2}.Release|x64.ActiveCfg = Release|Any CPU
		{05608FE6-4FD1-4E9D-9BE2-B13A0E370BA2}.Release|x64.Build.0 = Release|Any CPU
		{05608FE6-4FD1-4E9D-9BE2-B13A0E370BA2}.Release|x86.ActiveCfg = Release|Any CPU
		{05608FE6-4FD1-4E9D-9BE2-B13A0E370BA2}.Release|x86.Build.0 = Release|Any CPU
		{084172D1-A9C6-46D0-96AD-05C5B09A5E5D}.Debug|Any CPU.ActiveCfg = Debug|Any CPU
		{084172D1-A9C6-46D0-96AD-05C5B09A5E5D}.Debug|Any CPU.Build.0 = Debug|Any CPU
		{084172D1-A9C6-46D0-96AD-05C5B09A5E5D}.Debug|x64.ActiveCfg = Debug|Any CPU
		{084172D1-A9C6-46D0-96AD-05C5B09A5E5D}.Debug|x64.Build.0 = Debug|Any CPU
		{084172D1-A9C6-46D0-96AD-05C5B09A5E5D}.Debug|x86.ActiveCfg = Debug|Any CPU
		{084172D1-A9C6-46D0-96AD-05C5B09A5E5D}.Debug|x86.Build.0 = Debug|Any CPU
		{084172D1-A9C6-46D0-96AD-05C5B09A5E5D}.Release|Any CPU.ActiveCfg = Release|Any CPU
		{084172D1-A9C6-46D0-96AD-05C5B09A5E5D}.Release|Any CPU.Build.0 = Release|Any CPU
		{084172D1-A9C6-46D0-96AD-05C5B09A5E5D}.Release|x64.ActiveCfg = Release|Any CPU
		{084172D1-A9C6-46D0-96AD-05C5B09A5E5D}.Release|x64.Build.0 = Release|Any CPU
		{084172D1-A9C6-46D0-96AD-05C5B09A5E5D}.Release|x86.ActiveCfg = Release|Any CPU
		{084172D1-A9C6-46D0-96AD-05C5B09A5E5D}.Release|x86.Build.0 = Release|Any CPU
		{01C3DEF5-50B2-47CB-9467-19BC6DDF9D3D}.Debug|Any CPU.ActiveCfg = Debug|Any CPU
		{01C3DEF5-50B2-47CB-9467-19BC6DDF9D3D}.Debug|Any CPU.Build.0 = Debug|Any CPU
		{01C3DEF5-50B2-47CB-9467-19BC6DDF9D3D}.Debug|x64.ActiveCfg = Debug|Any CPU
		{01C3DEF5-50B2-47CB-9467-19BC6DDF9D3D}.Debug|x64.Build.0 = Debug|Any CPU
		{01C3DEF5-50B2-47CB-9467-19BC6DDF9D3D}.Debug|x86.ActiveCfg = Debug|Any CPU
		{01C3DEF5-50B2-47CB-9467-19BC6DDF9D3D}.Debug|x86.Build.0 = Debug|Any CPU
		{01C3DEF5-50B2-47CB-9467-19BC6DDF9D3D}.Release|Any CPU.ActiveCfg = Release|Any CPU
		{01C3DEF5-50B2-47CB-9467-19BC6DDF9D3D}.Release|Any CPU.Build.0 = Release|Any CPU
		{01C3DEF5-50B2-47CB-9467-19BC6DDF9D3D}.Release|x64.ActiveCfg = Release|Any CPU
		{01C3DEF5-50B2-47CB-9467-19BC6DDF9D3D}.Release|x64.Build.0 = Release|Any CPU
		{01C3DEF5-50B2-47CB-9467-19BC6DDF9D3D}.Release|x86.ActiveCfg = Release|Any CPU
		{01C3DEF5-50B2-47CB-9467-19BC6DDF9D3D}.Release|x86.Build.0 = Release|Any CPU
		{214E7BA2-5102-4973-8C86-5AB5F3E56940}.Debug|Any CPU.ActiveCfg = Debug|Any CPU
		{214E7BA2-5102-4973-8C86-5AB5F3E56940}.Debug|Any CPU.Build.0 = Debug|Any CPU
		{214E7BA2-5102-4973-8C86-5AB5F3E56940}.Debug|x64.ActiveCfg = Debug|Any CPU
		{214E7BA2-5102-4973-8C86-5AB5F3E56940}.Debug|x64.Build.0 = Debug|Any CPU
		{214E7BA2-5102-4973-8C86-5AB5F3E56940}.Debug|x86.ActiveCfg = Debug|Any CPU
		{214E7BA2-5102-4973-8C86-5AB5F3E56940}.Debug|x86.Build.0 = Debug|Any CPU
		{214E7BA2-5102-4973-8C86-5AB5F3E56940}.Release|Any CPU.ActiveCfg = Release|Any CPU
		{214E7BA2-5102-4973-8C86-5AB5F3E56940}.Release|Any CPU.Build.0 = Release|Any CPU
		{214E7BA2-5102-4973-8C86-5AB5F3E56940}.Release|x64.ActiveCfg = Release|Any CPU
		{214E7BA2-5102-4973-8C86-5AB5F3E56940}.Release|x64.Build.0 = Release|Any CPU
		{214E7BA2-5102-4973-8C86-5AB5F3E56940}.Release|x86.ActiveCfg = Release|Any CPU
		{214E7BA2-5102-4973-8C86-5AB5F3E56940}.Release|x86.Build.0 = Release|Any CPU
	EndGlobalSection
	GlobalSection(SolutionProperties) = preSolution
		HideSolutionNode = FALSE
	EndGlobalSection
	GlobalSection(NestedProjects) = preSolution
		{DCB6FCB8-FF92-AC57-0842-1F72A354D6B1} = {827E0CD3-B72D-47B6-A68D-7590B98EB39B}
		{214E7BA2-5102-4973-8C86-5AB5F3E56940} = {DCB6FCB8-FF92-AC57-0842-1F72A354D6B1}
	EndGlobalSection
EndGlobal
