
Microsoft Visual Studio Solution File, Format Version 12.00
# Visual Studio Version 17
VisualStudioVersion = 17.0.31903.59
MinimumVisualStudioVersion = 10.0.40219.1
Project("{2150E333-8FDC-42A3-9474-1A3956D46DE8}") = "src", "src", "{827E0CD3-B72D-47B6-A68D-7590B98EB39B}"
EndProject
Project("{FAE04EC0-301F-11D3-BF4B-00C04F79EFBC}") = "Bookstore.Core", "src\Bookstore.Core\Bookstore.Core.csproj", "{588AEA7D-BF2F-4627-8942-0285BD634AC1}"
EndProject
Project("{2150E333-8FDC-42A3-9474-1A3956D46DE8}") = "tests", "tests", "{0AB3BF05-4346-4AA6-1389-037BE0695223}"
EndProject
Project("{FAE04EC0-301F-11D3-BF4B-00C04F79EFBC}") = "Bookstore.Core.Tests", "tests\Bookstore.Core.Tests\Bookstore.Core.Tests.csproj", "{0CD044F0-DBCD-463C-B27D-627A5A131F92}"
EndProject
Project("{FAE04EC0-301F-11D3-BF4B-00C04F79EFBC}") = "Bookstore.Orders.Tests", "tests\Bookstore.Orders.Tests\Bookstore.Orders.Tests.csproj", "{EA69C796-0C82-4082-8F08-272E62620843}"
EndProject
Global
	GlobalSection(SolutionConfigurationPlatforms) = preSolution
		Debug|Any CPU = Debug|Any CPU
		Debug|x64 = Debug|x64
		Debug|x86 = Debug|x86
		Release|Any CPU = Release|Any CPU
		Release|x64 = Release|x64
		Release|x86 = Release|x86
	EndGlobalSection
	GlobalSection(ProjectConfigurationPlatforms) = postSolution
		{588AEA7D-BF2F-4627-8942-0285BD634AC1}.Debug|Any CPU.ActiveCfg = Debug|Any CPU
		{588AEA7D-BF2F-4627-8942-0285BD634AC1}.Debug|Any CPU.Build.0 = Debug|Any CPU
		{588AEA7D-BF2F-4627-8942-0285BD634AC1}.Debug|x64.ActiveCfg = Debug|Any CPU
		{588AEA7D-BF2F-4627-8942-0285BD634AC1}.Debug|x64.Build.0 = Debug|Any CPU
		{588AEA7D-BF2F-4627-8942-0285BD634AC1}.Debug|x86.ActiveCfg = Debug|Any CPU
		{588AEA7D-BF2F-4627-8942-0285BD634AC1}.Debug|x86.Build.0 = Debug|Any CPU
		{588AEA7D-BF2F-4627-8942-0285BD634AC1}.Release|Any CPU.ActiveCfg = Release|Any CPU
		{588AEA7D-BF2F-4627-8942-0285BD634AC1}.Release|Any CPU.Build.0 = Release|Any CPU
		{588AEA7D-BF2F-4627-8942-0285BD634AC1}.Release|x64.ActiveCfg = Release|Any CPU
		{588AEA7D-BF2F-4627-8942-0285BD634AC1}.Release|x64.Build.0 = Release|Any CPU
		{588AEA7D-BF2F-4627-8942-0285BD634AC1}.Release|x86.ActiveCfg = Release|Any CPU
		{588AEA7D-BF2F-4627-8942-0285BD634AC1}.Release|x86.Build.0 = Release|Any CPU
		{0CD044F0-DBCD-463C-B27D-627A5A131F92}.Debug|Any CPU.ActiveCfg = Debug|Any CPU
		{0CD044F0-DBCD-463C-B27D-627A5A131F92}.Debug|Any CPU.Build.0 = Debug|Any CPU
		{0CD044F0-DBCD-463C-B27D-627A5A131F92}.Debug|x64.ActiveCfg = Debug|Any CPU
		{0CD044F0-DBCD-463C-B27D-627A5A131F92}.Debug|x64.Build.0 = Debug|Any CPU
		{0CD044F0-DBCD-463C-B27D-627A5A131F92}.Debug|x86.ActiveCfg = Debug|Any CPU
		{0CD044F0-DBCD-463C-B27D-627A5A131F92}.Debug|x86.Build.0 = Debug|Any CPU
		{0CD044F0-DBCD-463C-B27D-627A5A131F92}.Release|Any CPU.ActiveCfg = Release|Any CPU
		{0CD044F0-DBCD-463C-B27D-627A5A131F92}.Release|Any CPU.Build.0 = Release|Any CPU
		{0CD044F0-DBCD-463C-B27D-627A5A131F92}.Release|x64.ActiveCfg = Release|Any CPU
		{0CD044F0-DBCD-463C-B27D-627A5A131F92}.Release|x64.Build.0 = Release|Any CPU
		{0CD044F0-DBCD-463C-B27D-627A5A131F92}.Release|x86.ActiveCfg = Release|Any CPU
		{0CD044F0-DBCD-463C-B27D-627A5A131F92}.Release|x86.Build.0 = Release|Any CPU
		{EA69C796-0C82-4082-8F08-272E62620843}.Debug|Any CPU.ActiveCfg = Debug|Any CPU
		{EA69C796-0C82-4082-8F08-272E62620843}.Debug|Any CPU.Build.0 = Debug|Any CPU
		{EA69C796-0C82-4082-8F08-272E62620843}.Debug|x64.ActiveCfg = Debug|Any CPU
		{EA69C796-0C82-4082-8F08-272E62620843}.Debug|x64.Build.0 = Debug|Any CPU
		{EA69C796-0C82-4082-8F08-272E62620843}.Debug|x86.ActiveCfg = Debug|Any CPU
		{EA69C796-0C82-4082-8F08-272E62620843}.Debug|x86.Build.0 = Debug|Any CPU
		{EA69C796-0C82-4082-8F08-272E62620843}.Release|Any CPU.ActiveCfg = Release|Any CPU
		{EA69C796-0C82-4082-8F08-272E62620843}.Release|Any CPU.Build.0 = Release|Any CPU
		{EA69C796-0C82-4082-8F08-272E62620843}.Release|x64.ActiveCfg = Release|Any CPU
		{EA69C796-0C82-4082-8F08-272E62620843}.Release|x64.Build.0 = Release|Any CPU
		{EA69C796-0C82-4082-8F08-272E62620843}.Release|x86.ActiveCfg = Release|Any CPU
		{EA69C796-0C82-4082-8F08-272E62620843}.Release|x86.Build.0 = Release|Any CPU
	EndGlobalSection
	GlobalSection(SolutionProperties) = preSolution
		HideSolutionNode = FALSE
	EndGlobalSection
	GlobalSection(NestedProjects) = preSolution
		{588AEA7D-BF2F-4627-8942-0285BD634AC1} = {827E0CD3-B72D-47B6-A68D-7590B98EB39B}
		{0CD044F0-DBCD-463C-B27D-627A5A131F92} = {0AB3BF05-4346-4AA6-1389-037BE0695223}
		{EA69C796-0C82-4082-8F08-272E62620843} = {0AB3BF05-4346-4AA6-1389-037BE0695223}
	EndGlobalSection
EndGlobal
